
Microsoft Visual Studio Solution File, Format Version 12.00
# Visual Studio Version 16
VisualStudioVersion = 16.0.34301.259
MinimumVisualStudioVersion = 10.0.40219.1
Project("{FAE04EC0-301F-11D3-BF4B-00C04F79EFBC}") = "test", "test\test.csproj", "{033726E2-7DC4-49E9-BE8E-F9F8AD68A62D}"
EndProject
Global
	GlobalSection(SolutionConfigurationPlatforms) = preSolution
		Debug|Any CPU = Debug|Any CPU
		Release|Any CPU = Release|Any CPU
	EndGlobalSection
	GlobalSection(ProjectConfigurationPlatforms) = postSolution
		{033726E2-7DC4-49E9-BE8E-F9F8AD68A62D}.Debug|Any CPU.ActiveCfg = Debug|Any CPU
		{033726E2-7DC4-49E9-BE8E-F9F8AD68A62D}.Debug|Any CPU.Build.0 = Debug|Any CPU
		{033726E2-7DC4-49E9-BE8E-F9F8AD68A62D}.Release|Any CPU.ActiveCfg = Release|Any CPU
		{033726E2-7DC4-49E9-BE8E-F9F8AD68A62D}.Release|Any CPU.Build.0 = Release|Any CPU
	EndGlobalSection
	GlobalSection(SolutionProperties) = preSolution
		HideSolutionNode = FALSE
	EndGlobalSection
	GlobalSection(ExtensibilityGlobals) = postSolution
		SolutionGuid = {039F3EB0-B8A1-443F-9D58-7EF48B013D33}
	EndGlobalSection
EndGlobal
